// !$*UTF8*$!
{
	archiveVersion = 1;
	classes = {
	};
	objectVersion = 77;
	objects = {

/* Begin PBXContainerItemProxy section */
		3B461BC92CE2DD41000ECC46 /* PBXContainerItemProxy */ = {
			isa = PBXContainerItemProxy;
			containerPortal = 3B461BAA2CE2DD40000ECC46 /* Project object */;
			proxyType = 1;
			remoteGlobalIDString = 3B461BB12CE2DD40000ECC46;
			remoteInfo = "Power Meter Simulator";
		};
		3B461BD32CE2DD41000ECC46 /* PBXContainerItemProxy */ = {
			isa = PBXContainerItemProxy;
			containerPortal = 3B461BAA2CE2DD40000ECC46 /* Project object */;
			proxyType = 1;
			remoteGlobalIDString = 3B461BB12CE2DD40000ECC46;
			remoteInfo = "Power Meter Simulator";
		};
/* End PBXContainerItemProxy section */

/* Begin PBXFileReference section */
		3B461BB22CE2DD40000ECC46 /* Power Meter Simulator.app */ = {isa = PBXFileReference; explicitFileType = wrapper.application; includeInIndex = 0; path = "Power Meter Simulator.app"; sourceTree = BUILT_PRODUCTS_DIR; };
		3B461BC82CE2DD41000ECC46 /* Power Meter SimulatorTests.xctest */ = {isa = PBXFileReference; explicitFileType = wrapper.cfbundle; includeInIndex = 0; path = "Power Meter SimulatorTests.xctest"; sourceTree = BUILT_PRODUCTS_DIR; };
		3B461BD22CE2DD41000ECC46 /* Power Meter SimulatorUITests.xctest */ = {isa = PBXFileReference; explicitFileType = wrapper.cfbundle; includeInIndex = 0; path = "Power Meter SimulatorUITests.xctest"; sourceTree = BUILT_PRODUCTS_DIR; };
/* End PBXFileReference section */

/* Begin PBXFileSystemSynchronizedBuildFileExceptionSet section */
		3B461BDA2CE2DD41000ECC46 /* Exceptions for "Power Meter Simulator" folder in "Power Meter Simulator" target */ = {
			isa = PBXFileSystemSynchronizedBuildFileExceptionSet;
			membershipExceptions = (
				Info.plist,
			);
			target = 3B461BB12CE2DD40000ECC46 /* Power Meter Simulator */;
		};
/* End PBXFileSystemSynchronizedBuildFileExceptionSet section */

/* Begin PBXFileSystemSynchronizedRootGroup section */
		3B461BB42CE2DD40000ECC46 /* Power Meter Simulator */ = {
			isa = PBXFileSystemSynchronizedRootGroup;
			exceptions = (
				3B461BDA2CE2DD41000ECC46 /* Exceptions for "Power Meter Simulator" folder in "Power Meter Simulator" target */,
			);
			path = "Power Meter Simulator";
			sourceTree = "<group>";
		};
		3B461BCB2CE2DD41000ECC46 /* Power Meter SimulatorTests */ = {
			isa = PBXFileSystemSynchronizedRootGroup;
			path = "Power Meter SimulatorTests";
			sourceTree = "<group>";
		};
		3B461BD52CE2DD41000ECC46 /* Power Meter SimulatorUITests */ = {
			isa = PBXFileSystemSynchronizedRootGroup;
			path = "Power Meter SimulatorUITests";
			sourceTree = "<group>";
		};
/* End PBXFileSystemSynchronizedRootGroup section */

/* Begin PBXFrameworksBuildPhase section */
		3B461BAF2CE2DD40000ECC46 /* Frameworks */ = {
			isa = PBXFrameworksBuildPhase;
			buildActionMask = 2147483647;
			files = (
			);
			runOnlyForDeploymentPostprocessing = 0;
		};
		3B461BC52CE2DD41000ECC46 /* Frameworks */ = {
			isa = PBXFrameworksBuildPhase;
			buildActionMask = 2147483647;
			files = (
			);
			runOnlyForDeploymentPostprocessing = 0;
		};
		3B461BCF2CE2DD41000ECC46 /* Frameworks */ = {
			isa = PBXFrameworksBuildPhase;
			buildActionMask = 2147483647;
			files = (
			);
			runOnlyForDeploymentPostprocessing = 0;
		};
/* End PBXFrameworksBuildPhase section */

/* Begin PBXGroup section */
		3B461BA92CE2DD40000ECC46 = {
			isa = PBXGroup;
			children = (
				3B461BB42CE2DD40000ECC46 /* Power Meter Simulator */,
				3B461BCB2CE2DD41000ECC46 /* Power Meter SimulatorTests */,
				3B461BD52CE2DD41000ECC46 /* Power Meter SimulatorUITests */,
				3B461BB32CE2DD40000ECC46 /* Products */,
			);
			sourceTree = "<group>";
		};
		3B461BB32CE2DD40000ECC46 /* Products */ = {
			isa = PBXGroup;
			children = (
				3B461BB22CE2DD40000ECC46 /* Power Meter Simulator.app */,
				3B461BC82CE2DD41000ECC46 /* Power Meter SimulatorTests.xctest */,
				3B461BD22CE2DD41000ECC46 /* Power Meter SimulatorUITests.xctest */,
			);
			name = Products;
			sourceTree = "<group>";
		};
/* End PBXGroup section */

/* Begin PBXNativeTarget section */
		3B461BB12CE2DD40000ECC46 /* Power Meter Simulator */ = {
			isa = PBXNativeTarget;
			buildConfigurationList = 3B461BDB2CE2DD41000ECC46 /* Build configuration list for PBXNativeTarget "Power Meter Simulator" */;
			buildPhases = (
				3B461BAE2CE2DD40000ECC46 /* Sources */,
				3B461BAF2CE2DD40000ECC46 /* Frameworks */,
				3B461BB02CE2DD40000ECC46 /* Resources */,
			);
			buildRules = (
			);
			dependencies = (
			);
			fileSystemSynchronizedGroups = (
				3B461BB42CE2DD40000ECC46 /* Power Meter Simulator */,
			);
			name = "Power Meter Simulator";
			packageProductDependencies = (
			);
			productName = "Power Meter Simulator";
			productReference = 3B461BB22CE2DD40000ECC46 /* Power Meter Simulator.app */;
			productType = "com.apple.product-type.application";
		};
		3B461BC72CE2DD41000ECC46 /* Power Meter SimulatorTests */ = {
			isa = PBXNativeTarget;
			buildConfigurationList = 3B461BE02CE2DD41000ECC46 /* Build configuration list for PBXNativeTarget "Power Meter SimulatorTests" */;
			buildPhases = (
				3B461BC42CE2DD41000ECC46 /* Sources */,
				3B461BC52CE2DD41000ECC46 /* Frameworks */,
				3B461BC62CE2DD41000ECC46 /* Resources */,
			);
			buildRules = (
			);
			dependencies = (
				3B461BCA2CE2DD41000ECC46 /* PBXTargetDependency */,
			);
			fileSystemSynchronizedGroups = (
				3B461BCB2CE2DD41000ECC46 /* Power Meter SimulatorTests */,
			);
			name = "Power Meter SimulatorTests";
			packageProductDependencies = (
			);
			productName = "Power Meter SimulatorTests";
			productReference = 3B461BC82CE2DD41000ECC46 /* Power Meter SimulatorTests.xctest */;
			productType = "com.apple.product-type.bundle.unit-test";
		};
		3B461BD12CE2DD41000ECC46 /* Power Meter SimulatorUITests */ = {
			isa = PBXNativeTarget;
			buildConfigurationList = 3B461BE32CE2DD41000ECC46 /* Build configuration list for PBXNativeTarget "Power Meter SimulatorUITests" */;
			buildPhases = (
				3B461BCE2CE2DD41000ECC46 /* Sources */,
				3B461BCF2CE2DD41000ECC46 /* Frameworks */,
				3B461BD02CE2DD41000ECC46 /* Resources */,
			);
			buildRules = (
			);
			dependencies = (
				3B461BD42CE2DD41000ECC46 /* PBXTargetDependency */,
			);
			fileSystemSynchronizedGroups = (
				3B461BD52CE2DD41000ECC46 /* Power Meter SimulatorUITests */,
			);
			name = "Power Meter SimulatorUITests";
			packageProductDependencies = (
			);
			productName = "Power Meter SimulatorUITests";
			productReference = 3B461BD22CE2DD41000ECC46 /* Power Meter SimulatorUITests.xctest */;
			productType = "com.apple.product-type.bundle.ui-testing";
		};
/* End PBXNativeTarget section */

/* Begin PBXProject section */
		3B461BAA2CE2DD40000ECC46 /* Project object */ = {
			isa = PBXProject;
			attributes = {
				BuildIndependentTargetsInParallel = 1;
				LastSwiftUpdateCheck = 1610;
				LastUpgradeCheck = 1610;
				TargetAttributes = {
					3B461BB12CE2DD40000ECC46 = {
						CreatedOnToolsVersion = 16.1;
					};
					3B461BC72CE2DD41000ECC46 = {
						CreatedOnToolsVersion = 16.1;
						TestTargetID = 3B461BB12CE2DD40000ECC46;
					};
					3B461BD12CE2DD41000ECC46 = {
						CreatedOnToolsVersion = 16.1;
						TestTargetID = 3B461BB12CE2DD40000ECC46;
					};
				};
			};
			buildConfigurationList = 3B461BAD2CE2DD40000ECC46 /* Build configuration list for PBXProject "Power Meter Simulator" */;
			developmentRegion = en;
			hasScannedForEncodings = 0;
			knownRegions = (
				en,
				Base,
			);
			mainGroup = 3B461BA92CE2DD40000ECC46;
			minimizedProjectReferenceProxies = 1;
			preferredProjectObjectVersion = 77;
			productRefGroup = 3B461BB32CE2DD40000ECC46 /* Products */;
			projectDirPath = "";
			projectRoot = "";
			targets = (
				3B461BB12CE2DD40000ECC46 /* Power Meter Simulator */,
				3B461BC72CE2DD41000ECC46 /* Power Meter SimulatorTests */,
				3B461BD12CE2DD41000ECC46 /* Power Meter SimulatorUITests */,
			);
		};
/* End PBXProject section */

/* Begin PBXResourcesBuildPhase section */
		3B461BB02CE2DD40000ECC46 /* Resources */ = {
			isa = PBXResourcesBuildPhase;
			buildActionMask = 2147483647;
			files = (
			);
			runOnlyForDeploymentPostprocessing = 0;
		};
		3B461BC62CE2DD41000ECC46 /* Resources */ = {
			isa = PBXResourcesBuildPhase;
			buildActionMask = 2147483647;
			files = (
			);
			runOnlyForDeploymentPostprocessing = 0;
		};
		3B461BD02CE2DD41000ECC46 /* Resources */ = {
			isa = PBXResourcesBuildPhase;
			buildActionMask = 2147483647;
			files = (
			);
			runOnlyForDeploymentPostprocessing = 0;
		};
/* End PBXResourcesBuildPhase section */

/* Begin PBXSourcesBuildPhase section */
		3B461BAE2CE2DD40000ECC46 /* Sources */ = {
			isa = PBXSourcesBuildPhase;
			buildActionMask = 2147483647;
			files = (
			);
			runOnlyForDeploymentPostprocessing = 0;
		};
		3B461BC42CE2DD41000ECC46 /* Sources */ = {
			isa = PBXSourcesBuildPhase;
			buildActionMask = 2147483647;
			files = (
			);
			runOnlyForDeploymentPostprocessing = 0;
		};
		3B461BCE2CE2DD41000ECC46 /* Sources */ = {
			isa = PBXSourcesBuildPhase;
			buildActionMask = 2147483647;
			files = (
			);
			runOnlyForDeploymentPostprocessing = 0;
		};
/* End PBXSourcesBuildPhase section */

/* Begin PBXTargetDependency section */
		3B461BCA2CE2DD41000ECC46 /* PBXTargetDependency */ = {
			isa = PBXTargetDependency;
			target = 3B461BB12CE2DD40000ECC46 /* Power Meter Simulator */;
			targetProxy = 3B461BC92CE2DD41000ECC46 /* PBXContainerItemProxy */;
		};
		3B461BD42CE2DD41000ECC46 /* PBXTargetDependency */ = {
			isa = PBXTargetDependency;
			target = 3B461BB12CE2DD40000ECC46 /* Power Meter Simulator */;
			targetProxy = 3B461BD32CE2DD41000ECC46 /* PBXContainerItemProxy */;
		};
/* End PBXTargetDependency section */

/* Begin XCBuildConfiguration section */
		3B461BDC2CE2DD41000ECC46 /* Debug */ = {
			isa = XCBuildConfiguration;
			buildSettings = {
				ASSETCATALOG_COMPILER_APPICON_NAME = AppIcon;
				ASSETCATALOG_COMPILER_GLOBAL_ACCENT_COLOR_NAME = AccentColor;
				CODE_SIGN_STYLE = Automatic;
				CURRENT_PROJECT_VERSION = 1;
				DEVELOPMENT_TEAM = 6C6SYGL5Z3;
				GENERATE_INFOPLIST_FILE = YES;
				INFOPLIST_FILE = "Power Meter Simulator/Info.plist";
				INFOPLIST_KEY_UIApplicationSupportsIndirectInputEvents = YES;
				INFOPLIST_KEY_UILaunchStoryboardName = LaunchScreen;
				INFOPLIST_KEY_UIMainStoryboardFile = Main;
				INFOPLIST_KEY_UISupportedInterfaceOrientations_iPad = "UIInterfaceOrientationPortrait UIInterfaceOrientationPortraitUpsideDown UIInterfaceOrientationLandscapeLeft UIInterfaceOrientationLandscapeRight";
				INFOPLIST_KEY_UISupportedInterfaceOrientations_iPhone = "UIInterfaceOrientationPortrait UIInterfaceOrientationLandscapeLeft UIInterfaceOrientationLandscapeRight";
				IPHONEOS_DEPLOYMENT_TARGET = 17.6;
				LD_RUNPATH_SEARCH_PATHS = (
					"$(inherited)",
					"@executable_path/Frameworks",
				);
				MARKETING_VERSION = 1.0;
				PRODUCT_BUNDLE_IDENTIFIER = "com.jengilbert.Power-Meter-Simulator";
				PRODUCT_NAME = "$(TARGET_NAME)";
				SWIFT_EMIT_LOC_STRINGS = YES;
				SWIFT_VERSION = 5.0;
				TARGETED_DEVICE_FAMILY = "1,2";
			};
			name = Debug;
		};
		3B461BDD2CE2DD41000ECC46 /* Release */ = {
			isa = XCBuildConfiguration;
			buildSettings = {
				ASSETCATALOG_COMPILER_APPICON_NAME = AppIcon;
				ASSETCATALOG_COMPILER_GLOBAL_ACCENT_COLOR_NAME = AccentColor;
				CODE_SIGN_STYLE = Automatic;
				CURRENT_PROJECT_VERSION = 1;
				DEVELOPMENT_TEAM = 6C6SYGL5Z3;
				GENERATE_INFOPLIST_FILE = YES;
				INFOPLIST_FILE = "Power Meter Simulator/Info.plist";
				INFOPLIST_KEY_UIApplicationSupportsIndirectInputEvents = YES;
				INFOPLIST_KEY_UILaunchStoryboardName = LaunchScreen;
				INFOPLIST_KEY_UIMainStoryboardFile = Main;
				INFOPLIST_KEY_UISupportedInterfaceOrientations_iPad = "UIInterfaceOrientationPortrait UIInterfaceOrientationPortraitUpsideDown UIInterfaceOrientationLandscapeLeft UIInterfaceOrientationLandscapeRight";
				INFOPLIST_KEY_UISupportedInterfaceOrientations_iPhone = "UIInterfaceOrientationPortrait UIInterfaceOrientationLandscapeLeft UIInterfaceOrientationLandscapeRight";
				IPHONEOS_DEPLOYMENT_TARGET = 17.6;
				LD_RUNPATH_SEARCH_PATHS = (
					"$(inherited)",
					"@executable_path/Frameworks",
				);
				MARKETING_VERSION = 1.0;
				PRODUCT_BUNDLE_IDENTIFIER = "com.jengilbert.Power-Meter-Simulator";
				PRODUCT_NAME = "$(TARGET_NAME)";
				SWIFT_EMIT_LOC_STRINGS = YES;
				SWIFT_VERSION = 5.0;
				TARGETED_DEVICE_FAMILY = "1,2";
			};
			name = Release;
		};
		3B461BDE2CE2DD41000ECC46 /* Debug */ = {
			isa = XCBuildConfiguration;
			buildSettings = {
				ALWAYS_SEARCH_USER_PATHS = NO;
				ASSETCATALOG_COMPILER_GENERATE_SWIFT_ASSET_SYMBOL_EXTENSIONS = YES;
				CLANG_ANALYZER_NONNULL = YES;
				CLANG_ANALYZER_NUMBER_OBJECT_CONVERSION = YES_AGGRESSIVE;
				CLANG_CXX_LANGUAGE_STANDARD = "gnu++20";
				CLANG_ENABLE_MODULES = YES;
				CLANG_ENABLE_OBJC_ARC = YES;
				CLANG_ENABLE_OBJC_WEAK = YES;
				CLANG_WARN_BLOCK_CAPTURE_AUTORELEASING = YES;
				CLANG_WARN_BOOL_CONVERSION = YES;
				CLANG_WARN_COMMA = YES;
				CLANG_WARN_CONSTANT_CONVERSION = YES;
				CLANG_WARN_DEPRECATED_OBJC_IMPLEMENTATIONS = YES;
				CLANG_WARN_DIRECT_OBJC_ISA_USAGE = YES_ERROR;
				CLANG_WARN_DOCUMENTATION_COMMENTS = YES;
				CLANG_WARN_EMPTY_BODY = YES;
				CLANG_WARN_ENUM_CONVERSION = YES;
				CLANG_WARN_INFINITE_RECURSION = YES;
				CLANG_WARN_INT_CONVERSION = YES;
				CLANG_WARN_NON_LITERAL_NULL_CONVERSION = YES;
				CLANG_WARN_OBJC_IMPLICIT_RETAIN_SELF = YES;
				CLANG_WARN_OBJC_LITERAL_CONVERSION = YES;
				CLANG_WARN_OBJC_ROOT_CLASS = YES_ERROR;
				CLANG_WARN_QUOTED_INCLUDE_IN_FRAMEWORK_HEADER = YES;
				CLANG_WARN_RANGE_LOOP_ANALYSIS = YES;
				CLANG_WARN_STRICT_PROTOTYPES = YES;
				CLANG_WARN_SUSPICIOUS_MOVE = YES;
				CLANG_WARN_UNGUARDED_AVAILABILITY = YES_AGGRESSIVE;
				CLANG_WARN_UNREACHABLE_CODE = YES;
				CLANG_WARN__DUPLICATE_METHOD_MATCH = YES;
				COPY_PHASE_STRIP = NO;
				DEBUG_INFORMATION_FORMAT = dwarf;
				ENABLE_STRICT_OBJC_MSGSEND = YES;
				ENABLE_TESTABILITY = YES;
				ENABLE_USER_SCRIPT_SANDBOXING = YES;
				GCC_C_LANGUAGE_STANDARD = gnu17;
				GCC_DYNAMIC_NO_PIC = NO;
				GCC_NO_COMMON_BLOCKS = YES;
				GCC_OPTIMIZATION_LEVEL = 0;
				GCC_PREPROCESSOR_DEFINITIONS = (
					"DEBUG=1",
					"$(inherited)",
				);
				GCC_WARN_64_TO_32_BIT_CONVERSION = YES;
				GCC_WARN_ABOUT_RETURN_TYPE = YES_ERROR;
				GCC_WARN_UNDECLARED_SELECTOR = YES;
				GCC_WARN_UNINITIALIZED_AUTOS = YES_AGGRESSIVE;
				GCC_WARN_UNUSED_FUNCTION = YES;
				GCC_WARN_UNUSED_VARIABLE = YES;
				IPHONEOS_DEPLOYMENT_TARGET = 18.1;
				LOCALIZATION_PREFERS_STRING_CATALOGS = YES;
				MTL_ENABLE_DEBUG_INFO = INCLUDE_SOURCE;
				MTL_FAST_MATH = YES;
				ONLY_ACTIVE_ARCH = YES;
				SDKROOT = iphoneos;
				SWIFT_ACTIVE_COMPILATION_CONDITIONS = "DEBUG $(inherited)";
				SWIFT_OPTIMIZATION_LEVEL = "-Onone";
			};
			name = Debug;
		};
		3B461BDF2CE2DD41000ECC46 /* Release */ = {
			isa = XCBuildConfiguration;
			buildSettings = {
				ALWAYS_SEARCH_USER_PATHS = NO;
				ASSETCATALOG_COMPILER_GENERATE_SWIFT_ASSET_SYMBOL_EXTENSIONS = YES;
				CLANG_ANALYZER_NONNULL = YES;
				CLANG_ANALYZER_NUMBER_OBJECT_CONVERSION = YES_AGGRESSIVE;
				CLANG_CXX_LANGUAGE_STANDARD = "gnu++20";
				CLANG_ENABLE_MODULES = YES;
				CLANG_ENABLE_OBJC_ARC = YES;
				CLANG_ENABLE_OBJC_WEAK = YES;
				CLANG_WARN_BLOCK_CAPTURE_AUTORELEASING = YES;
				CLANG_WARN_BOOL_CONVERSION = YES;
				CLANG_WARN_COMMA = YES;
				CLANG_WARN_CONSTANT_CONVERSION = YES;
				CLANG_WARN_DEPRECATED_OBJC_IMPLEMENTATIONS = YES;
				CLANG_WARN_DIRECT_OBJC_ISA_USAGE = YES_ERROR;
				CLANG_WARN_DOCUMENTATION_COMMENTS = YES;
				CLANG_WARN_EMPTY_BODY = YES;
				CLANG_WARN_ENUM_CONVERSION = YES;
				CLANG_WARN_INFINITE_RECURSION = YES;
				CLANG_WARN_INT_CONVERSION = YES;
				CLANG_WARN_NON_LITERAL_NULL_CONVERSION = YES;
				CLANG_WARN_OBJC_IMPLICIT_RETAIN_SELF = YES;
				CLANG_WARN_OBJC_LITERAL_CONVERSION = YES;
				CLANG_WARN_OBJC_ROOT_CLASS = YES_ERROR;
				CLANG_WARN_QUOTED_INCLUDE_IN_FRAMEWORK_HEADER = YES;
				CLANG_WARN_RANGE_LOOP_ANALYSIS = YES;
				CLANG_WARN_STRICT_PROTOTYPES = YES;
				CLANG_WARN_SUSPICIOUS_MOVE = YES;
				CLANG_WARN_UNGUARDED_AVAILABILITY = YES_AGGRESSIVE;
				CLANG_WARN_UNREACHABLE_CODE = YES;
				CLANG_WARN__DUPLICATE_METHOD_MATCH = YES;
				COPY_PHASE_STRIP = NO;
				DEBUG_INFORMATION_FORMAT = "dwarf-with-dsym";
				ENABLE_NS_ASSERTIONS = NO;
				ENABLE_STRICT_OBJC_MSGSEND = YES;
				ENABLE_USER_SCRIPT_SANDBOXING = YES;
				GCC_C_LANGUAGE_STANDARD = gnu17;
				GCC_NO_COMMON_BLOCKS = YES;
				GCC_WARN_64_TO_32_BIT_CONVERSION = YES;
				GCC_WARN_ABOUT_RETURN_TYPE = YES_ERROR;
				GCC_WARN_UNDECLARED_SELECTOR = YES;
				GCC_WARN_UNINITIALIZED_AUTOS = YES_AGGRESSIVE;
				GCC_WARN_UNUSED_FUNCTION = YES;
				GCC_WARN_UNUSED_VARIABLE = YES;
				IPHONEOS_DEPLOYMENT_TARGET = 18.1;
				LOCALIZATION_PREFERS_STRING_CATALOGS = YES;
				MTL_ENABLE_DEBUG_INFO = NO;
				MTL_FAST_MATH = YES;
				SDKROOT = iphoneos;
				SWIFT_COMPILATION_MODE = wholemodule;
				VALIDATE_PRODUCT = YES;
			};
			name = Release;
		};
		3B461BE12CE2DD41000ECC46 /* Debug */ = {
			isa = XCBuildConfiguration;
			buildSettings = {
				BUNDLE_LOADER = "$(TEST_HOST)";
				CODE_SIGN_STYLE = Automatic;
				CURRENT_PROJECT_VERSION = 1;
				GENERATE_INFOPLIST_FILE = YES;
				IPHONEOS_DEPLOYMENT_TARGET = 18.1;
				MARKETING_VERSION = 1.0;
				PRODUCT_BUNDLE_IDENTIFIER = "com.jengilbert.Power-Meter-SimulatorTests";
				PRODUCT_NAME = "$(TARGET_NAME)";
				SWIFT_EMIT_LOC_STRINGS = NO;
				SWIFT_VERSION = 5.0;
				TARGETED_DEVICE_FAMILY = "1,2";
				TEST_HOST = "$(BUILT_PRODUCTS_DIR)/Power Meter Simulator.app/$(BUNDLE_EXECUTABLE_FOLDER_PATH)/Power Meter Simulator";
			};
			name = Debug;
		};
		3B461BE22CE2DD41000ECC46 /* Release */ = {
			isa = XCBuildConfiguration;
			buildSettings = {
				BUNDLE_LOADER = "$(TEST_HOST)";
				CODE_SIGN_STYLE = Automatic;
				CURRENT_PROJECT_VERSION = 1;
				GENERATE_INFOPLIST_FILE = YES;
				IPHONEOS_DEPLOYMENT_TARGET = 18.1;
				MARKETING_VERSION = 1.0;
				PRODUCT_BUNDLE_IDENTIFIER = "com.jengilbert.Power-Meter-SimulatorTests";
				PRODUCT_NAME = "$(TARGET_NAME)";
				SWIFT_EMIT_LOC_STRINGS = NO;
				SWIFT_VERSION = 5.0;
				TARGETED_DEVICE_FAMILY = "1,2";
				TEST_HOST = "$(BUILT_PRODUCTS_DIR)/Power Meter Simulator.app/$(BUNDLE_EXECUTABLE_FOLDER_PATH)/Power Meter Simulator";
			};
			name = Release;
		};
		3B461BE42CE2DD41000ECC46 /* Debug */ = {
			isa = XCBuildConfiguration;
			buildSettings = {
				CODE_SIGN_STYLE = Automatic;
				CURRENT_PROJECT_VERSION = 1;
				GENERATE_INFOPLIST_FILE = YES;
				MARKETING_VERSION = 1.0;
				PRODUCT_BUNDLE_IDENTIFIER = "com.jengilbert.Power-Meter-SimulatorUITests";
				PRODUCT_NAME = "$(TARGET_NAME)";
				SWIFT_EMIT_LOC_STRINGS = NO;
				SWIFT_VERSION = 5.0;
				TARGETED_DEVICE_FAMILY = "1,2";
				TEST_TARGET_NAME = "Power Meter Simulator";
			};
			name = Debug;
		};
		3B461BE52CE2DD41000ECC46 /* Release */ = {
			isa = XCBuildConfiguration;
			buildSettings = {
				CODE_SIGN_STYLE = Automatic;
				CURRENT_PROJECT_VERSION = 1;
				GENERATE_INFOPLIST_FILE = YES;
				MARKETING_VERSION = 1.0;
				PRODUCT_BUNDLE_IDENTIFIER = "com.jengilbert.Power-Meter-SimulatorUITests";
				PRODUCT_NAME = "$(TARGET_NAME)";
				SWIFT_EMIT_LOC_STRINGS = NO;
				SWIFT_VERSION = 5.0;
				TARGETED_DEVICE_FAMILY = "1,2";
				TEST_TARGET_NAME = "Power Meter Simulator";
			};
			name = Release;
		};
/* End XCBuildConfiguration section */

/* Begin XCConfigurationList section */
		3B461BAD2CE2DD40000ECC46 /* Build configuration list for PBXProject "Power Meter Simulator" */ = {
			isa = XCConfigurationList;
			buildConfigurations = (
				3B461BDE2CE2DD41000ECC46 /* Debug */,
				3B461BDF2CE2DD41000ECC46 /* Release */,
			);
			defaultConfigurationIsVisible = 0;
			defaultConfigurationName = Release;
		};
		3B461BDB2CE2DD41000ECC46 /* Build configuration list for PBXNativeTarget "Power Meter Simulator" */ = {
			isa = XCConfigurationList;
			buildConfigurations = (
				3B461BDC2CE2DD41000ECC46 /* Debug */,
				3B461BDD2CE2DD41000ECC46 /* Release */,
			);
			defaultConfigurationIsVisible = 0;
			defaultConfigurationName = Release;
		};
		3B461BE02CE2DD41000ECC46 /* Build configuration list for PBXNativeTarget "Power Meter SimulatorTests" */ = {
			isa = XCConfigurationList;
			buildConfigurations = (
				3B461BE12CE2DD41000ECC46 /* Debug */,
				3B461BE22CE2DD41000ECC46 /* Release */,
			);
			defaultConfigurationIsVisible = 0;
			defaultConfigurationName = Release;
		};
		3B461BE32CE2DD41000ECC46 /* Build configuration list for PBXNativeTarget "Power Meter SimulatorUITests" */ = {
			isa = XCConfigurationList;
			buildConfigurations = (
				3B461BE42CE2DD41000ECC46 /* Debug */,
				3B461BE52CE2DD41000ECC46 /* Release */,
			);
			defaultConfigurationIsVisible = 0;
			defaultConfigurationName = Release;
		};
/* End XCConfigurationList section */
	};
	rootObject = 3B461BAA2CE2DD40000ECC46 /* Project object */;
}
